Microsoft Visual Studio Solution File, Format Version 11.00
# Visual Studio 2008

Project("{1CC96325-B81B-4CCA-8378-B95DDB250413}") = "Kursinis", "Assembly-CSharp.csproj", "{4D933D01-967C-ECD1-CC0D-BA30AECEEA9A}"
EndProject
Project("{1CC96325-B81B-4CCA-8378-B95DDB250413}") = "Kursinis", "Assembly-CSharp-Editor.csproj", "{38FC3D75-6B68-AA43-1F57-719C3C025D7C}"
EndProject
Global
	GlobalSection(SolutionConfigurationPlatforms) = preSolution
		Debug|Any CPU = Debug|Any CPU
		Release|Any CPU = Release|Any CPU
	EndGlobalSection
	GlobalSection(ProjectConfigurationPlatforms) = postSolution
		{4D933D01-967C-ECD1-CC0D-BA30AECEEA9A}.Debug|Any CPU.ActiveCfg = Debug|Any CPU
		{4D933D01-967C-ECD1-CC0D-BA30AECEEA9A}.Debug|Any CPU.Build.0 = Debug|Any CPU
		{4D933D01-967C-ECD1-CC0D-BA30AECEEA9A}.Release|Any CPU.ActiveCfg = Release|Any CPU
		{4D933D01-967C-ECD1-CC0D-BA30AECEEA9A}.Release|Any CPU.Build.0 = Release|Any CPU
		{38FC3D75-6B68-AA43-1F57-719C3C025D7C}.Debug|Any CPU.ActiveCfg = Debug|Any CPU
		{38FC3D75-6B68-AA43-1F57-719C3C025D7C}.Debug|Any CPU.Build.0 = Debug|Any CPU
		{38FC3D75-6B68-AA43-1F57-719C3C025D7C}.Release|Any CPU.ActiveCfg = Release|Any CPU
		{38FC3D75-6B68-AA43-1F57-719C3C025D7C}.Release|Any CPU.Build.0 = Release|Any CPU
	EndGlobalSection
	GlobalSection(SolutionProperties) = preSolution
		HideSolutionNode = FALSE
	EndGlobalSection
																																																																																																																																																																																																																																																																																																																																																																																																																																	GlobalSection(MonoDevelopProperties) = preSolution
		StartupItem = Assembly-CSharp.csproj
		Policies = $0
		$0.TextStylePolicy = $1
		$1.inheritsSet = null
		$1.scope = text/x-csharp
		$0.CSharpFormattingPolicy = $2
		$2.inheritsSet = Mono
		$2.inheritsScope = text/x-csharp
		$2.scope = text/x-csharp
		$0.TextStylePolicy = $3
		$3.FileWidth = 120
		$3.TabWidth = 4
		$3.IndentWidth = 4
		$3.EolMarker = Unix
		$3.inheritsSet = Mono
		$3.inheritsScope = text/plain
		$3.scope = text/plain
	EndGlobalSection
EndGlobal
